// !$*UTF8*$!
{
	archiveVersion = 1;
	classes = {
	};
	objectVersion = 56;
	objects = {

/* Begin PBXBuildFile section */
		21123B9E2932D3AE00858119 /* News_FrontApp.swift in Sources */ = {isa = PBXBuildFile; fileRef = 21123B9D2932D3AE00858119 /* News_FrontApp.swift */; };
		21123BA02932D3AE00858119 /* MainView.swift in Sources */ = {isa = PBXBuildFile; fileRef = 21123B9F2932D3AE00858119 /* MainView.swift */; };
		21123BA22932D3B000858119 /* Assets.xcassets in Resources */ = {isa = PBXBuildFile; fileRef = 21123BA12932D3B000858119 /* Assets.xcassets */; };
		21123BA52932D3B000858119 /* Preview Assets.xcassets in Resources */ = {isa = PBXBuildFile; fileRef = 21123BA42932D3B000858119 /* Preview Assets.xcassets */; };
		21123BAD2932D40E00858119 /* MainViewModel.swift in Sources */ = {isa = PBXBuildFile; fileRef = 21123BAC2932D40E00858119 /* MainViewModel.swift */; };
		21123BB02932D46800858119 /* Article.swift in Sources */ = {isa = PBXBuildFile; fileRef = 21123BAF2932D46800858119 /* Article.swift */; };
		21123BB22932D49F00858119 /* User.swift in Sources */ = {isa = PBXBuildFile; fileRef = 21123BB12932D49F00858119 /* User.swift */; };
		21123BB42932D58A00858119 /* Theme.swift in Sources */ = {isa = PBXBuildFile; fileRef = 21123BB32932D58A00858119 /* Theme.swift */; };
		21123BBA2932DF4000858119 /* SwiftUIFlow in Frameworks */ = {isa = PBXBuildFile; productRef = 21123BB92932DF4000858119 /* SwiftUIFlow */; };
		21123BC02932E35E00858119 /* DetailedArtileView.swift in Sources */ = {isa = PBXBuildFile; fileRef = 21123BBF2932E35E00858119 /* DetailedArtileView.swift */; };
		21123BC22932E88A00858119 /* Filter.swift in Sources */ = {isa = PBXBuildFile; fileRef = 21123BC12932E88A00858119 /* Filter.swift */; };
		21123BC52932E9D200858119 /* TimeInterval + Extension.swift in Sources */ = {isa = PBXBuildFile; fileRef = 21123BC42932E9D200858119 /* TimeInterval + Extension.swift */; };
		21123BCA2933EF0100858119 /* TagTextField.swift in Sources */ = {isa = PBXBuildFile; fileRef = 21123BC92933EF0100858119 /* TagTextField.swift */; };
		21123BCF2933F02E00858119 /* TagFilterView.swift in Sources */ = {isa = PBXBuildFile; fileRef = 21123BCE2933F02E00858119 /* TagFilterView.swift */; };
		21123BD1293402AF00858119 /* FilterField.swift in Sources */ = {isa = PBXBuildFile; fileRef = 21123BD0293402AF00858119 /* FilterField.swift */; };
		21123BD32934084000858119 /* PhraseFilterView.swift in Sources */ = {isa = PBXBuildFile; fileRef = 21123BD22934084000858119 /* PhraseFilterView.swift */; };
		21123BD629340D7D00858119 /* FilterView.swift in Sources */ = {isa = PBXBuildFile; fileRef = 21123BD529340D7D00858119 /* FilterView.swift */; };
		21123BDC293410B900858119 /* DataModel.swift in Sources */ = {isa = PBXBuildFile; fileRef = 21123BDB293410B900858119 /* DataModel.swift */; };
/* End PBXBuildFile section */

/* Begin PBXFileReference section */
		21123B9A2932D3AE00858119 /* News.Front.app */ = {isa = PBXFileReference; explicitFileType = wrapper.application; includeInIndex = 0; path = News.Front.app; sourceTree = BUILT_PRODUCTS_DIR; };
		21123B9D2932D3AE00858119 /* News_FrontApp.swift */ = {isa = PBXFileReference; lastKnownFileType = sourcecode.swift; path = News_FrontApp.swift; sourceTree = "<group>"; };
		21123B9F2932D3AE00858119 /* MainView.swift */ = {isa = PBXFileReference; lastKnownFileType = sourcecode.swift; path = MainView.swift; sourceTree = "<group>"; };
		21123BA12932D3B000858119 /* Assets.xcassets */ = {isa = PBXFileReference; lastKnownFileType = folder.assetcatalog; path = Assets.xcassets; sourceTree = "<group>"; };
		21123BA42932D3B000858119 /* Preview Assets.xcassets */ = {isa = PBXFileReference; lastKnownFileType = folder.assetcatalog; path = "Preview Assets.xcassets"; sourceTree = "<group>"; };
		21123BAC2932D40E00858119 /* MainViewModel.swift */ = {isa = PBXFileReference; lastKnownFileType = sourcecode.swift; path = MainViewModel.swift; sourceTree = "<group>"; };
		21123BAF2932D46800858119 /* Article.swift */ = {isa = PBXFileReference; lastKnownFileType = sourcecode.swift; path = Article.swift; sourceTree = "<group>"; };
		21123BB12932D49F00858119 /* User.swift */ = {isa = PBXFileReference; lastKnownFileType = sourcecode.swift; path = User.swift; sourceTree = "<group>"; };
		21123BB32932D58A00858119 /* Theme.swift */ = {isa = PBXFileReference; lastKnownFileType = sourcecode.swift; path = Theme.swift; sourceTree = "<group>"; };
		21123BBF2932E35E00858119 /* DetailedArtileView.swift */ = {isa = PBXFileReference; lastKnownFileType = sourcecode.swift; path = DetailedArtileView.swift; sourceTree = "<group>"; };
		21123BC12932E88A00858119 /* Filter.swift */ = {isa = PBXFileReference; lastKnownFileType = sourcecode.swift; path = Filter.swift; sourceTree = "<group>"; };
		21123BC42932E9D200858119 /* TimeInterval + Extension.swift */ = {isa = PBXFileReference; lastKnownFileType = sourcecode.swift; path = "TimeInterval + Extension.swift"; sourceTree = "<group>"; };
		21123BC92933EF0100858119 /* TagTextField.swift */ = {isa = PBXFileReference; lastKnownFileType = sourcecode.swift; path = TagTextField.swift; sourceTree = "<group>"; };
		21123BCE2933F02E00858119 /* TagFilterView.swift */ = {isa = PBXFileReference; lastKnownFileType = sourcecode.swift; path = TagFilterView.swift; sourceTree = "<group>"; };
		21123BD0293402AF00858119 /* FilterField.swift */ = {isa = PBXFileReference; lastKnownFileType = sourcecode.swift; path = FilterField.swift; sourceTree = "<group>"; };
		21123BD22934084000858119 /* PhraseFilterView.swift */ = {isa = PBXFileReference; lastKnownFileType = sourcecode.swift; path = PhraseFilterView.swift; sourceTree = "<group>"; };
		21123BD529340D7D00858119 /* FilterView.swift */ = {isa = PBXFileReference; lastKnownFileType = sourcecode.swift; path = FilterView.swift; sourceTree = "<group>"; };
		21123BDB293410B900858119 /* DataModel.swift */ = {isa = PBXFileReference; lastKnownFileType = sourcecode.swift; path = DataModel.swift; sourceTree = "<group>"; };
/* End PBXFileReference section */

/* Begin PBXFrameworksBuildPhase section */
		21123B972932D3AE00858119 /* Frameworks */ = {
			isa = PBXFrameworksBuildPhase;
			buildActionMask = 2147483647;
			files = (
				21123BBA2932DF4000858119 /* SwiftUIFlow in Frameworks */,
			);
			runOnlyForDeploymentPostprocessing = 0;
		};
/* End PBXFrameworksBuildPhase section */

/* Begin PBXGroup section */
		21123B912932D3AE00858119 = {
			isa = PBXGroup;
			children = (
				21123B9C2932D3AE00858119 /* News.Front */,
				21123B9B2932D3AE00858119 /* Products */,
			);
			sourceTree = "<group>";
		};
		21123B9B2932D3AE00858119 /* Products */ = {
			isa = PBXGroup;
			children = (
				21123B9A2932D3AE00858119 /* News.Front.app */,
			);
			name = Products;
			sourceTree = "<group>";
		};
		21123B9C2932D3AE00858119 /* News.Front */ = {
			isa = PBXGroup;
			children = (
				21123BDA2934105200858119 /* Environment */,
				21123BC32932E9C500858119 /* Extensions */,
				21123BBB2932E32A00858119 /* Navigation */,
				21123BB52932DABF00858119 /* CustomViews */,
				21123BAE2932D46000858119 /* Model */,
				21123B9D2932D3AE00858119 /* News_FrontApp.swift */,
				21123BA12932D3B000858119 /* Assets.xcassets */,
				21123BA32932D3B000858119 /* Preview Content */,
			);
			path = News.Front;
			sourceTree = "<group>";
		};
		21123BA32932D3B000858119 /* Preview Content */ = {
			isa = PBXGroup;
			children = (
				21123BA42932D3B000858119 /* Preview Assets.xcassets */,
			);
			path = "Preview Content";
			sourceTree = "<group>";
		};
		21123BAB2932D3C500858119 /* MainView */ = {
			isa = PBXGroup;
			children = (
				21123B9F2932D3AE00858119 /* MainView.swift */,
				21123BAC2932D40E00858119 /* MainViewModel.swift */,
			);
			path = MainView;
			sourceTree = "<group>";
		};
		21123BAE2932D46000858119 /* Model */ = {
			isa = PBXGroup;
			children = (
				21123BAF2932D46800858119 /* Article.swift */,
				21123BB32932D58A00858119 /* Theme.swift */,
				21123BB12932D49F00858119 /* User.swift */,
				21123BC12932E88A00858119 /* Filter.swift */,
				21123BD0293402AF00858119 /* FilterField.swift */,
			);
			path = Model;
			sourceTree = "<group>";
		};
		21123BB52932DABF00858119 /* CustomViews */ = {
			isa = PBXGroup;
			children = (
				21123BC92933EF0100858119 /* TagTextField.swift */,
			);
			path = CustomViews;
			sourceTree = "<group>";
		};
		21123BBB2932E32A00858119 /* Navigation */ = {
			isa = PBXGroup;
			children = (
				21123BCB2933EFF700858119 /* FilterView */,
				21123BBC2932E33400858119 /* DetailedArticleView */,
				21123BAB2932D3C500858119 /* MainView */,
			);
			path = Navigation;
			sourceTree = "<group>";
		};
		21123BBC2932E33400858119 /* DetailedArticleView */ = {
			isa = PBXGroup;
			children = (
				21123BBF2932E35E00858119 /* DetailedArtileView.swift */,
			);
			path = DetailedArticleView;
			sourceTree = "<group>";
		};
		21123BC32932E9C500858119 /* Extensions */ = {
			isa = PBXGroup;
			children = (
				21123BC42932E9D200858119 /* TimeInterval + Extension.swift */,
			);
			path = Extensions;
			sourceTree = "<group>";
		};
		21123BCB2933EFF700858119 /* FilterView */ = {
			isa = PBXGroup;
			children = (
				21123BD729340DDF00858119 /* FilterFields */,
				21123BD529340D7D00858119 /* FilterView.swift */,
			);
			path = FilterView;
			sourceTree = "<group>";
		};
		21123BD729340DDF00858119 /* FilterFields */ = {
			isa = PBXGroup;
			children = (
				21123BCE2933F02E00858119 /* TagFilterView.swift */,
				21123BD22934084000858119 /* PhraseFilterView.swift */,
			);
			path = FilterFields;
			sourceTree = "<group>";
		};
		21123BDA2934105200858119 /* Environment */ = {
			isa = PBXGroup;
			children = (
				21123BDB293410B900858119 /* DataModel.swift */,
			);
			path = Environment;
			sourceTree = "<group>";
		};
/* End PBXGroup section */

/* Begin PBXNativeTarget section */
		21123B992932D3AE00858119 /* News.Front */ = {
			isa = PBXNativeTarget;
			buildConfigurationList = 21123BA82932D3B000858119 /* Build configuration list for PBXNativeTarget "News.Front" */;
			buildPhases = (
				21123B962932D3AE00858119 /* Sources */,
				21123B972932D3AE00858119 /* Frameworks */,
				21123B982932D3AE00858119 /* Resources */,
			);
			buildRules = (
			);
			dependencies = (
			);
			name = News.Front;
			packageProductDependencies = (
				21123BB92932DF4000858119 /* SwiftUIFlow */,
			);
			productName = News.Front;
			productReference = 21123B9A2932D3AE00858119 /* News.Front.app */;
			productType = "com.apple.product-type.application";
		};
/* End PBXNativeTarget section */

/* Begin PBXProject section */
		21123B922932D3AE00858119 /* Project object */ = {
			isa = PBXProject;
			attributes = {
				BuildIndependentTargetsInParallel = 1;
				LastSwiftUpdateCheck = 1400;
				LastUpgradeCheck = 1400;
				TargetAttributes = {
					21123B992932D3AE00858119 = {
						CreatedOnToolsVersion = 14.0.1;
					};
				};
			};
			buildConfigurationList = 21123B952932D3AE00858119 /* Build configuration list for PBXProject "News.Front" */;
			compatibilityVersion = "Xcode 14.0";
			developmentRegion = en;
			hasScannedForEncodings = 0;
			knownRegions = (
				en,
				Base,
			);
			mainGroup = 21123B912932D3AE00858119;
			packageReferences = (
				21123BB82932DF4000858119 /* XCRemoteSwiftPackageReference "SwiftUIFlow" */,
			);
			productRefGroup = 21123B9B2932D3AE00858119 /* Products */;
			projectDirPath = "";
			projectRoot = "";
			targets = (
				21123B992932D3AE00858119 /* News.Front */,
			);
		};
/* End PBXProject section */

/* Begin PBXResourcesBuildPhase section */
		21123B982932D3AE00858119 /* Resources */ = {
			isa = PBXResourcesBuildPhase;
			buildActionMask = 2147483647;
			files = (
				21123BA52932D3B000858119 /* Preview Assets.xcassets in Resources */,
				21123BA22932D3B000858119 /* Assets.xcassets in Resources */,
			);
			runOnlyForDeploymentPostprocessing = 0;
		};
/* End PBXResourcesBuildPhase section */

/* Begin PBXSourcesBuildPhase section */
		21123B962932D3AE00858119 /* Sources */ = {
			isa = PBXSourcesBuildPhase;
			buildActionMask = 2147483647;
			files = (
				21123BD629340D7D00858119 /* FilterView.swift in Sources */,
				21123BCF2933F02E00858119 /* TagFilterView.swift in Sources */,
				21123BD32934084000858119 /* PhraseFilterView.swift in Sources */,
				21123BC02932E35E00858119 /* DetailedArtileView.swift in Sources */,
				21123BB02932D46800858119 /* Article.swift in Sources */,
				21123BC52932E9D200858119 /* TimeInterval + Extension.swift in Sources */,
				21123BA02932D3AE00858119 /* MainView.swift in Sources */,
				21123BDC293410B900858119 /* DataModel.swift in Sources */,
				21123B9E2932D3AE00858119 /* News_FrontApp.swift in Sources */,
				21123BD1293402AF00858119 /* FilterField.swift in Sources */,
				21123BB42932D58A00858119 /* Theme.swift in Sources */,
				21123BC22932E88A00858119 /* Filter.swift in Sources */,
				21123BB22932D49F00858119 /* User.swift in Sources */,
				21123BCA2933EF0100858119 /* TagTextField.swift in Sources */,
				21123BAD2932D40E00858119 /* MainViewModel.swift in Sources */,
			);
			runOnlyForDeploymentPostprocessing = 0;
		};
/* End PBXSourcesBuildPhase section */

/* Begin XCBuildConfiguration section */
		21123BA62932D3B000858119 /* Debug */ = {
			isa = XCBuildConfiguration;
			buildSettings = {
				ALWAYS_SEARCH_USER_PATHS = NO;
				CLANG_ANALYZER_NONNULL = YES;
				CLANG_ANALYZER_NUMBER_OBJECT_CONVERSION = YES_AGGRESSIVE;
				CLANG_CXX_LANGUAGE_STANDARD = "gnu++20";
				CLANG_ENABLE_MODULES = YES;
				CLANG_ENABLE_OBJC_ARC = YES;
				CLANG_ENABLE_OBJC_WEAK = YES;
				CLANG_WARN_BLOCK_CAPTURE_AUTORELEASING = YES;
				CLANG_WARN_BOOL_CONVERSION = YES;
				CLANG_WARN_COMMA = YES;
				CLANG_WARN_CONSTANT_CONVERSION = YES;
				CLANG_WARN_DEPRECATED_OBJC_IMPLEMENTATIONS = YES;
				CLANG_WARN_DIRECT_OBJC_ISA_USAGE = YES_ERROR;
				CLANG_WARN_DOCUMENTATION_COMMENTS = YES;
				CLANG_WARN_EMPTY_BODY = YES;
				CLANG_WARN_ENUM_CONVERSION = YES;
				CLANG_WARN_INFINITE_RECURSION = YES;
				CLANG_WARN_INT_CONVERSION = YES;
				CLANG_WARN_NON_LITERAL_NULL_CONVERSION = YES;
				CLANG_WARN_OBJC_IMPLICIT_RETAIN_SELF = YES;
				CLANG_WARN_OBJC_LITERAL_CONVERSION = YES;
				CLANG_WARN_OBJC_ROOT_CLASS = YES_ERROR;
				CLANG_WARN_QUOTED_INCLUDE_IN_FRAMEWORK_HEADER = YES;
				CLANG_WARN_RANGE_LOOP_ANALYSIS = YES;
				CLANG_WARN_STRICT_PROTOTYPES = YES;
				CLANG_WARN_SUSPICIOUS_MOVE = YES;
				CLANG_WARN_UNGUARDED_AVAILABILITY = YES_AGGRESSIVE;
				CLANG_WARN_UNREACHABLE_CODE = YES;
				CLANG_WARN__DUPLICATE_METHOD_MATCH = YES;
				COPY_PHASE_STRIP = NO;
				DEBUG_INFORMATION_FORMAT = dwarf;
				ENABLE_STRICT_OBJC_MSGSEND = YES;
				ENABLE_TESTABILITY = YES;
				GCC_C_LANGUAGE_STANDARD = gnu11;
				GCC_DYNAMIC_NO_PIC = NO;
				GCC_NO_COMMON_BLOCKS = YES;
				GCC_OPTIMIZATION_LEVEL = 0;
				GCC_PREPROCESSOR_DEFINITIONS = (
					"DEBUG=1",
					"$(inherited)",
				);
				GCC_WARN_64_TO_32_BIT_CONVERSION = YES;
				GCC_WARN_ABOUT_RETURN_TYPE = YES_ERROR;
				GCC_WARN_UNDECLARED_SELECTOR = YES;
				GCC_WARN_UNINITIALIZED_AUTOS = YES_AGGRESSIVE;
				GCC_WARN_UNUSED_FUNCTION = YES;
				GCC_WARN_UNUSED_VARIABLE = YES;
				IPHONEOS_DEPLOYMENT_TARGET = 16.0;
				MTL_ENABLE_DEBUG_INFO = INCLUDE_SOURCE;
				MTL_FAST_MATH = YES;
				ONLY_ACTIVE_ARCH = YES;
				SDKROOT = iphoneos;
				SWIFT_ACTIVE_COMPILATION_CONDITIONS = DEBUG;
				SWIFT_OPTIMIZATION_LEVEL = "-Onone";
			};
			name = Debug;
		};
		21123BA72932D3B000858119 /* Release */ = {
			isa = XCBuildConfiguration;
			buildSettings = {
				ALWAYS_SEARCH_USER_PATHS = NO;
				CLANG_ANALYZER_NONNULL = YES;
				CLANG_ANALYZER_NUMBER_OBJECT_CONVERSION = YES_AGGRESSIVE;
				CLANG_CXX_LANGUAGE_STANDARD = "gnu++20";
				CLANG_ENABLE_MODULES = YES;
				CLANG_ENABLE_OBJC_ARC = YES;
				CLANG_ENABLE_OBJC_WEAK = YES;
				CLANG_WARN_BLOCK_CAPTURE_AUTORELEASING = YES;
				CLANG_WARN_BOOL_CONVERSION = YES;
				CLANG_WARN_COMMA = YES;
				CLANG_WARN_CONSTANT_CONVERSION = YES;
				CLANG_WARN_DEPRECATED_OBJC_IMPLEMENTATIONS = YES;
				CLANG_WARN_DIRECT_OBJC_ISA_USAGE = YES_ERROR;
				CLANG_WARN_DOCUMENTATION_COMMENTS = YES;
				CLANG_WARN_EMPTY_BODY = YES;
				CLANG_WARN_ENUM_CONVERSION = YES;
				CLANG_WARN_INFINITE_RECURSION = YES;
				CLANG_WARN_INT_CONVERSION = YES;
				CLANG_WARN_NON_LITERAL_NULL_CONVERSION = YES;
				CLANG_WARN_OBJC_IMPLICIT_RETAIN_SELF = YES;
				CLANG_WARN_OBJC_LITERAL_CONVERSION = YES;
				CLANG_WARN_OBJC_ROOT_CLASS = YES_ERROR;
				CLANG_WARN_QUOTED_INCLUDE_IN_FRAMEWORK_HEADER = YES;
				CLANG_WARN_RANGE_LOOP_ANALYSIS = YES;
				CLANG_WARN_STRICT_PROTOTYPES = YES;
				CLANG_WARN_SUSPICIOUS_MOVE = YES;
				CLANG_WARN_UNGUARDED_AVAILABILITY = YES_AGGRESSIVE;
				CLANG_WARN_UNREACHABLE_CODE = YES;
				CLANG_WARN__DUPLICATE_METHOD_MATCH = YES;
				COPY_PHASE_STRIP = NO;
				DEBUG_INFORMATION_FORMAT = "dwarf-with-dsym";
				ENABLE_NS_ASSERTIONS = NO;
				ENABLE_STRICT_OBJC_MSGSEND = YES;
				GCC_C_LANGUAGE_STANDARD = gnu11;
				GCC_NO_COMMON_BLOCKS = YES;
				GCC_WARN_64_TO_32_BIT_CONVERSION = YES;
				GCC_WARN_ABOUT_RETURN_TYPE = YES_ERROR;
				GCC_WARN_UNDECLARED_SELECTOR = YES;
				GCC_WARN_UNINITIALIZED_AUTOS = YES_AGGRESSIVE;
				GCC_WARN_UNUSED_FUNCTION = YES;
				GCC_WARN_UNUSED_VARIABLE = YES;
				IPHONEOS_DEPLOYMENT_TARGET = 16.0;
				MTL_ENABLE_DEBUG_INFO = NO;
				MTL_FAST_MATH = YES;
				SDKROOT = iphoneos;
				SWIFT_COMPILATION_MODE = wholemodule;
				SWIFT_OPTIMIZATION_LEVEL = "-O";
				VALIDATE_PRODUCT = YES;
			};
			name = Release;
		};
		21123BA92932D3B000858119 /* Debug */ = {
			isa = XCBuildConfiguration;
			buildSettings = {
				ASSETCATALOG_COMPILER_APPICON_NAME = AppIcon;
				ASSETCATALOG_COMPILER_GLOBAL_ACCENT_COLOR_NAME = AccentColor;
				CODE_SIGN_STYLE = Automatic;
				CURRENT_PROJECT_VERSION = 1;
				DEVELOPMENT_ASSET_PATHS = "\"News.Front/Preview Content\"";
				DEVELOPMENT_TEAM = 68W5DTBSDK;
				ENABLE_PREVIEWS = YES;
				GENERATE_INFOPLIST_FILE = YES;
				INFOPLIST_KEY_UIApplicationSceneManifest_Generation = YES;
				INFOPLIST_KEY_UIApplicationSupportsIndirectInputEvents = YES;
				INFOPLIST_KEY_UILaunchScreen_Generation = YES;
				INFOPLIST_KEY_UISupportedInterfaceOrientations_iPad = "UIInterfaceOrientationPortrait UIInterfaceOrientationPortraitUpsideDown UIInterfaceOrientationLandscapeLeft UIInterfaceOrientationLandscapeRight";
				INFOPLIST_KEY_UISupportedInterfaceOrientations_iPhone = "UIInterfaceOrientationPortrait UIInterfaceOrientationLandscapeLeft UIInterfaceOrientationLandscapeRight";
				LD_RUNPATH_SEARCH_PATHS = (
					"$(inherited)",
					"@executable_path/Frameworks",
				);
				MARKETING_VERSION = 1.0;
				PRODUCT_BUNDLE_IDENTIFIER = "kpi.News-Front";
				PRODUCT_NAME = "$(TARGET_NAME)";
				SWIFT_EMIT_LOC_STRINGS = YES;
				SWIFT_VERSION = 5.0;
				TARGETED_DEVICE_FAMILY = "1,2";
			};
			name = Debug;
		};
		21123BAA2932D3B000858119 /* Release */ = {
			isa = XCBuildConfiguration;
			buildSettings = {
				ASSETCATALOG_COMPILER_APPICON_NAME = AppIcon;
				ASSETCATALOG_COMPILER_GLOBAL_ACCENT_COLOR_NAME = AccentColor;
				CODE_SIGN_STYLE = Automatic;
				CURRENT_PROJECT_VERSION = 1;
				DEVELOPMENT_ASSET_PATHS = "\"News.Front/Preview Content\"";
				DEVELOPMENT_TEAM = 68W5DTBSDK;
				ENABLE_PREVIEWS = YES;
				GENERATE_INFOPLIST_FILE = YES;
				INFOPLIST_KEY_UIApplicationSceneManifest_Generation = YES;
				INFOPLIST_KEY_UIApplicationSupportsIndirectInputEvents = YES;
				INFOPLIST_KEY_UILaunchScreen_Generation = YES;
				INFOPLIST_KEY_UISupportedInterfaceOrientations_iPad = "UIInterfaceOrientationPortrait UIInterfaceOrientationPortraitUpsideDown UIInterfaceOrientationLandscapeLeft UIInterfaceOrientationLandscapeRight";
				INFOPLIST_KEY_UISupportedInterfaceOrientations_iPhone = "UIInterfaceOrientationPortrait UIInterfaceOrientationLandscapeLeft UIInterfaceOrientationLandscapeRight";
				LD_RUNPATH_SEARCH_PATHS = (
					"$(inherited)",
					"@executable_path/Frameworks",
				);
				MARKETING_VERSION = 1.0;
				PRODUCT_BUNDLE_IDENTIFIER = "kpi.News-Front";
				PRODUCT_NAME = "$(TARGET_NAME)";
				SWIFT_EMIT_LOC_STRINGS = YES;
				SWIFT_VERSION = 5.0;
				TARGETED_DEVICE_FAMILY = "1,2";
			};
			name = Release;
		};
/* End XCBuildConfiguration section */

/* Begin XCConfigurationList section */
		21123B952932D3AE00858119 /* Build configuration list for PBXProject "News.Front" */ = {
			isa = XCConfigurationList;
			buildConfigurations = (
				21123BA62932D3B000858119 /* Debug */,
				21123BA72932D3B000858119 /* Release */,
			);
			defaultConfigurationIsVisible = 0;
			defaultConfigurationName = Release;
		};
		21123BA82932D3B000858119 /* Build configuration list for PBXNativeTarget "News.Front" */ = {
			isa = XCConfigurationList;
			buildConfigurations = (
				21123BA92932D3B000858119 /* Debug */,
				21123BAA2932D3B000858119 /* Release */,
			);
			defaultConfigurationIsVisible = 0;
			defaultConfigurationName = Release;
		};
/* End XCConfigurationList section */

/* Begin XCRemoteSwiftPackageReference section */
		21123BB82932DF4000858119 /* XCRemoteSwiftPackageReference "SwiftUIFlow" */ = {
			isa = XCRemoteSwiftPackageReference;
			repositoryURL = "https://github.com/ciaranrobrien/SwiftUIFlow.git";
			requirement = {
				branch = main;
				kind = branch;
			};
		};
/* End XCRemoteSwiftPackageReference section */

/* Begin XCSwiftPackageProductDependency section */
		21123BB92932DF4000858119 /* SwiftUIFlow */ = {
			isa = XCSwiftPackageProductDependency;
			package = 21123BB82932DF4000858119 /* XCRemoteSwiftPackageReference "SwiftUIFlow" */;
			productName = SwiftUIFlow;
		};
/* End XCSwiftPackageProductDependency section */
	};
	rootObject = 21123B922932D3AE00858119 /* Project object */;
}
